# THIS IS AN AUTOGENERATED FILE. DO NOT EDIT THIS FILE DIRECTLY.
# yarn lockfile v1


"@types/node@^16.6.0":
  version "16.6.0"
  resolved "https://registry.yarnpkg.com/@types/node/-/node-16.6.0.tgz#0d5685f85066f94e97f19e8a67fe003c5fadacc4"
  integrity sha512-OyiZPohMMjZEYqcVo/UJ04GyAxXOJEZO/FpzyXxcH4r/ArrVoXHf4MbUrkLp0Tz7/p1mMKpo5zJ6ZHl8XBNthQ==

tsc@^2.0.3:
  version "2.0.3"
  resolved "https://registry.yarnpkg.com/tsc/-/tsc-2.0.3.tgz#037fe579e3bd67a5cbdaa604b43c6c1991b04bef"
  integrity sha512-SN+9zBUtrpUcOpaUO7GjkEHgWtf22c7FKbKCA4e858eEM7Qz86rRDpgOU2lBIDf0fLCsEg65ms899UMUIB2+Ow==

typescript@^4.3.5:
  version "4.3.5"
  resolved "https://registry.yarnpkg.com/typescript/-/typescript-4.3.5.tgz#4d1c37cc16e893973c45a06886b7113234f119f4"
  integrity sha512-DqQgihaQ9cUrskJo9kIyW/+g0Vxsk8cDtZ52a3NGh0YNTfpUSArXSohyUGnvbPazEPLu398C0UxmKSOrPumUzA==
